
Microsoft Visual Studio Solution File, Format Version 12.00
# Visual Studio 15
VisualStudioVersion = 15.0.26124.0
MinimumVisualStudioVersion = 15.0.26124.0
Project("{FAE04EC0-301F-11D3-BF4B-00C04F79EFBC}") = "API", "API\API.csproj", "{240C7F64-A07E-4F15-8BB5-081EDBAE4913}"
EndProject
Project("{FAE04EC0-301F-11D3-BF4B-00C04F79EFBC}") = "Core", "Core\Core.csproj", "{9C921BA6-09C5-4B51-A1BC-B9E15EB02A17}"
EndProject
Project("{FAE04EC0-301F-11D3-BF4B-00C04F79EFBC}") = "Infrastructure", "Infrastructure\Infrastructure.csproj", "{9D183CB1-A2DF-4DC3-9968-66CE1BDA8CA1}"
EndProject
Global
	GlobalSection(SolutionConfigurationPlatforms) = preSolution
		Debug|Any CPU = Debug|Any CPU
		Debug|x64 = Debug|x64
		Debug|x86 = Debug|x86
		Release|Any CPU = Release|Any CPU
		Release|x64 = Release|x64
		Release|x86 = Release|x86
	EndGlobalSection
	GlobalSection(SolutionProperties) = preSolution
		HideSolutionNode = FALSE
	EndGlobalSection
	GlobalSection(ProjectConfigurationPlatforms) = postSolution
		{240C7F64-A07E-4F15-8BB5-081EDBAE4913}.Debug|Any CPU.ActiveCfg = Debug|Any CPU
		{240C7F64-A07E-4F15-8BB5-081EDBAE4913}.Debug|Any CPU.Build.0 = Debug|Any CPU
		{240C7F64-A07E-4F15-8BB5-081EDBAE4913}.Debug|x64.ActiveCfg = Debug|Any CPU
		{240C7F64-A07E-4F15-8BB5-081EDBAE4913}.Debug|x64.Build.0 = Debug|Any CPU
		{240C7F64-A07E-4F15-8BB5-081EDBAE4913}.Debug|x86.ActiveCfg = Debug|Any CPU
		{240C7F64-A07E-4F15-8BB5-081EDBAE4913}.Debug|x86.Build.0 = Debug|Any CPU
		{240C7F64-A07E-4F15-8BB5-081EDBAE4913}.Release|Any CPU.ActiveCfg = Release|Any CPU
		{240C7F64-A07E-4F15-8BB5-081EDBAE4913}.Release|Any CPU.Build.0 = Release|Any CPU
		{240C7F64-A07E-4F15-8BB5-081EDBAE4913}.Release|x64.ActiveCfg = Release|Any CPU
		{240C7F64-A07E-4F15-8BB5-081EDBAE4913}.Release|x64.Build.0 = Release|Any CPU
		{240C7F64-A07E-4F15-8BB5-081EDBAE4913}.Release|x86.ActiveCfg = Release|Any CPU
		{240C7F64-A07E-4F15-8BB5-081EDBAE4913}.Release|x86.Build.0 = Release|Any CPU
		{9C921BA6-09C5-4B51-A1BC-B9E15EB02A17}.Debug|Any CPU.ActiveCfg = Debug|Any CPU
		{9C921BA6-09C5-4B51-A1BC-B9E15EB02A17}.Debug|Any CPU.Build.0 = Debug|Any CPU
		{9C921BA6-09C5-4B51-A1BC-B9E15EB02A17}.Debug|x64.ActiveCfg = Debug|Any CPU
		{9C921BA6-09C5-4B51-A1BC-B9E15EB02A17}.Debug|x64.Build.0 = Debug|Any CPU
		{9C921BA6-09C5-4B51-A1BC-B9E15EB02A17}.Debug|x86.ActiveCfg = Debug|Any CPU
		{9C921BA6-09C5-4B51-A1BC-B9E15EB02A17}.Debug|x86.Build.0 = Debug|Any CPU
		{9C921BA6-09C5-4B51-A1BC-B9E15EB02A17}.Release|Any CPU.ActiveCfg = Release|Any CPU
		{9C921BA6-09C5-4B51-A1BC-B9E15EB02A17}.Release|Any CPU.Build.0 = Release|Any CPU
		{9C921BA6-09C5-4B51-A1BC-B9E15EB02A17}.Release|x64.ActiveCfg = Release|Any CPU
		{9C921BA6-09C5-4B51-A1BC-B9E15EB02A17}.Release|x64.Build.0 = Release|Any CPU
		{9C921BA6-09C5-4B51-A1BC-B9E15EB02A17}.Release|x86.ActiveCfg = Release|Any CPU
		{9C921BA6-09C5-4B51-A1BC-B9E15EB02A17}.Release|x86.Build.0 = Release|Any CPU
		{9D183CB1-A2DF-4DC3-9968-66CE1BDA8CA1}.Debug|Any CPU.ActiveCfg = Debug|Any CPU
		{9D183CB1-A2DF-4DC3-9968-66CE1BDA8CA1}.Debug|Any CPU.Build.0 = Debug|Any CPU
		{9D183CB1-A2DF-4DC3-9968-66CE1BDA8CA1}.Debug|x64.ActiveCfg = Debug|Any CPU
		{9D183CB1-A2DF-4DC3-9968-66CE1BDA8CA1}.Debug|x64.Build.0 = Debug|Any CPU
		{9D183CB1-A2DF-4DC3-9968-66CE1BDA8CA1}.Debug|x86.ActiveCfg = Debug|Any CPU
		{9D183CB1-A2DF-4DC3-9968-66CE1BDA8CA1}.Debug|x86.Build.0 = Debug|Any CPU
		{9D183CB1-A2DF-4DC3-9968-66CE1BDA8CA1}.Release|Any CPU.ActiveCfg = Release|Any CPU
		{9D183CB1-A2DF-4DC3-9968-66CE1BDA8CA1}.Release|Any CPU.Build.0 = Release|Any CPU
		{9D183CB1-A2DF-4DC3-9968-66CE1BDA8CA1}.Release|x64.ActiveCfg = Release|Any CPU
		{9D183CB1-A2DF-4DC3-9968-66CE1BDA8CA1}.Release|x64.Build.0 = Release|Any CPU
		{9D183CB1-A2DF-4DC3-9968-66CE1BDA8CA1}.Release|x86.ActiveCfg = Release|Any CPU
		{9D183CB1-A2DF-4DC3-9968-66CE1BDA8CA1}.Release|x86.Build.0 = Release|Any CPU
	EndGlobalSection
EndGlobal
